
Microsoft Visual Studio Solution File, Format Version 11.00
# Visual Studio 2010
Project("{FAE04EC0-301F-11D3-BF4B-00C04F79EFBC}") = "Pathfinding", "Assembly-CSharp.csproj", "{51620EE3-3DEA-7333-6E7A-6011D65ABAFB}"
EndProject
Project("{FAE04EC0-301F-11D3-BF4B-00C04F79EFBC}") = "Pathfinding", "Assembly-CSharp-Editor.csproj", "{81CACFD5-726E-4F00-E033-67BBE33081CD}"
EndProject
Global
	GlobalSection(SolutionConfigurationPlatforms) = preSolution
		Debug|Any CPU = Debug|Any CPU
		Release|Any CPU = Release|Any CPU
	EndGlobalSection
	GlobalSection(ProjectConfigurationPlatforms) = postSolution
		{51620EE3-3DEA-7333-6E7A-6011D65ABAFB}.Debug|Any CPU.ActiveCfg = Debug|Any CPU
		{51620EE3-3DEA-7333-6E7A-6011D65ABAFB}.Debug|Any CPU.Build.0 = Debug|Any CPU
		{51620EE3-3DEA-7333-6E7A-6011D65ABAFB}.Release|Any CPU.ActiveCfg = Release|Any CPU
		{51620EE3-3DEA-7333-6E7A-6011D65ABAFB}.Release|Any CPU.Build.0 = Release|Any CPU
		{81CACFD5-726E-4F00-E033-67BBE33081CD}.Debug|Any CPU.ActiveCfg = Debug|Any CPU
		{81CACFD5-726E-4F00-E033-67BBE33081CD}.Debug|Any CPU.Build.0 = Debug|Any CPU
		{81CACFD5-726E-4F00-E033-67BBE33081CD}.Release|Any CPU.ActiveCfg = Release|Any CPU
		{81CACFD5-726E-4F00-E033-67BBE33081CD}.Release|Any CPU.Build.0 = Release|Any CPU
	EndGlobalSection
	GlobalSection(SolutionProperties) = preSolution
		HideSolutionNode = FALSE
	EndGlobalSection
	GlobalSection(MonoDevelopProperties) = preSolution
		StartupItem = Assembly-CSharp.csproj
	EndGlobalSection
EndGlobal
